// !$*UTF8*$!
{
	archiveVersion = 1;
	classes = {
	};
	objectVersion = 52;
	objects = {

/* Begin PBXBuildFile section */
		807A86A02642B76000E7266A /* guardian_newsfeedTests.swift in Sources */ = {isa = PBXBuildFile; fileRef = 807A869F2642B76000E7266A /* guardian_newsfeedTests.swift */; };
		807A86B02642B77D00E7266A /* guardian_newsfeedUITests.swift in Sources */ = {isa = PBXBuildFile; fileRef = 807A86AF2642B77D00E7266A /* guardian_newsfeedUITests.swift */; };
		809133552640243000FD1C60 /* guardian_newsfeedApp.swift in Sources */ = {isa = PBXBuildFile; fileRef = 809133542640243000FD1C60 /* guardian_newsfeedApp.swift */; };
		809133572640243000FD1C60 /* ContentView.swift in Sources */ = {isa = PBXBuildFile; fileRef = 809133562640243000FD1C60 /* ContentView.swift */; };
		809133592640243600FD1C60 /* Assets.xcassets in Resources */ = {isa = PBXBuildFile; fileRef = 809133582640243600FD1C60 /* Assets.xcassets */; };
		8091335C2640243600FD1C60 /* Preview Assets.xcassets in Resources */ = {isa = PBXBuildFile; fileRef = 8091335B2640243600FD1C60 /* Preview Assets.xcassets */; };
		80B2407D2640DF7D00D62EF6 /* SDWebImageSwiftUI in Frameworks */ = {isa = PBXBuildFile; productRef = 80B2407C2640DF7D00D62EF6 /* SDWebImageSwiftUI */; };
		80B64D742640DB18009C3135 /* DataModel.swift in Sources */ = {isa = PBXBuildFile; fileRef = 80B64D732640DB18009C3135 /* DataModel.swift */; };
		80B64D772640DB4F009C3135 /* Newsfeed.swift in Sources */ = {isa = PBXBuildFile; fileRef = 80B64D762640DB4F009C3135 /* Newsfeed.swift */; };
/* End PBXBuildFile section */

/* Begin PBXContainerItemProxy section */
		807A86A22642B76000E7266A /* PBXContainerItemProxy */ = {
			isa = PBXContainerItemProxy;
			containerPortal = 809133492640243000FD1C60 /* Project object */;
			proxyType = 1;
			remoteGlobalIDString = 809133502640243000FD1C60;
			remoteInfo = "guardian-newsfeed";
		};
		807A86B22642B77D00E7266A /* PBXContainerItemProxy */ = {
			isa = PBXContainerItemProxy;
			containerPortal = 809133492640243000FD1C60 /* Project object */;
			proxyType = 1;
			remoteGlobalIDString = 809133502640243000FD1C60;
			remoteInfo = "guardian-newsfeed";
		};
/* End PBXContainerItemProxy section */

/* Begin PBXFileReference section */
		807A869D2642B76000E7266A /* guardian-newsfeedTests.xctest */ = {isa = PBXFileReference; explicitFileType = wrapper.cfbundle; includeInIndex = 0; path = "guardian-newsfeedTests.xctest"; sourceTree = BUILT_PRODUCTS_DIR; };
		807A869F2642B76000E7266A /* guardian_newsfeedTests.swift */ = {isa = PBXFileReference; lastKnownFileType = sourcecode.swift; path = guardian_newsfeedTests.swift; sourceTree = "<group>"; };
		807A86A12642B76000E7266A /* Info.plist */ = {isa = PBXFileReference; lastKnownFileType = text.plist.xml; path = Info.plist; sourceTree = "<group>"; };
		807A86AD2642B77D00E7266A /* guardian-newsfeedUITests.xctest */ = {isa = PBXFileReference; explicitFileType = wrapper.cfbundle; includeInIndex = 0; path = "guardian-newsfeedUITests.xctest"; sourceTree = BUILT_PRODUCTS_DIR; };
		807A86AF2642B77D00E7266A /* guardian_newsfeedUITests.swift */ = {isa = PBXFileReference; lastKnownFileType = sourcecode.swift; path = guardian_newsfeedUITests.swift; sourceTree = "<group>"; };
		807A86B12642B77D00E7266A /* Info.plist */ = {isa = PBXFileReference; lastKnownFileType = text.plist.xml; path = Info.plist; sourceTree = "<group>"; };
		809133512640243000FD1C60 /* guardian-newsfeed.app */ = {isa = PBXFileReference; explicitFileType = wrapper.application; includeInIndex = 0; path = "guardian-newsfeed.app"; sourceTree = BUILT_PRODUCTS_DIR; };
		809133542640243000FD1C60 /* guardian_newsfeedApp.swift */ = {isa = PBXFileReference; lastKnownFileType = sourcecode.swift; path = guardian_newsfeedApp.swift; sourceTree = "<group>"; };
		809133562640243000FD1C60 /* ContentView.swift */ = {isa = PBXFileReference; lastKnownFileType = sourcecode.swift; path = ContentView.swift; sourceTree = "<group>"; };
		809133582640243600FD1C60 /* Assets.xcassets */ = {isa = PBXFileReference; lastKnownFileType = folder.assetcatalog; path = Assets.xcassets; sourceTree = "<group>"; };
		8091335B2640243600FD1C60 /* Preview Assets.xcassets */ = {isa = PBXFileReference; lastKnownFileType = folder.assetcatalog; path = "Preview Assets.xcassets"; sourceTree = "<group>"; };
		8091335D2640243600FD1C60 /* Info.plist */ = {isa = PBXFileReference; lastKnownFileType = text.plist.xml; path = Info.plist; sourceTree = "<group>"; };
		80B64D732640DB18009C3135 /* DataModel.swift */ = {isa = PBXFileReference; lastKnownFileType = sourcecode.swift; path = DataModel.swift; sourceTree = "<group>"; };
		80B64D762640DB4F009C3135 /* Newsfeed.swift */ = {isa = PBXFileReference; lastKnownFileType = sourcecode.swift; path = Newsfeed.swift; sourceTree = "<group>"; };
/* End PBXFileReference section */

/* Begin PBXFrameworksBuildPhase section */
		807A869A2642B76000E7266A /* Frameworks */ = {
			isa = PBXFrameworksBuildPhase;
			buildActionMask = 2147483647;
			files = (
			);
			runOnlyForDeploymentPostprocessing = 0;
		};
		807A86AA2642B77D00E7266A /* Frameworks */ = {
			isa = PBXFrameworksBuildPhase;
			buildActionMask = 2147483647;
			files = (
			);
			runOnlyForDeploymentPostprocessing = 0;
		};
		8091334E2640243000FD1C60 /* Frameworks */ = {
			isa = PBXFrameworksBuildPhase;
			buildActionMask = 2147483647;
			files = (
				80B2407D2640DF7D00D62EF6 /* SDWebImageSwiftUI in Frameworks */,
			);
			runOnlyForDeploymentPostprocessing = 0;
		};
/* End PBXFrameworksBuildPhase section */

/* Begin PBXGroup section */
		807A869E2642B76000E7266A /* guardian-newsfeedTests */ = {
			isa = PBXGroup;
			children = (
				807A869F2642B76000E7266A /* guardian_newsfeedTests.swift */,
				807A86A12642B76000E7266A /* Info.plist */,
			);
			path = "guardian-newsfeedTests";
			sourceTree = "<group>";
		};
		807A86AE2642B77D00E7266A /* guardian-newsfeedUITests */ = {
			isa = PBXGroup;
			children = (
				807A86AF2642B77D00E7266A /* guardian_newsfeedUITests.swift */,
				807A86B12642B77D00E7266A /* Info.plist */,
			);
			path = "guardian-newsfeedUITests";
			sourceTree = "<group>";
		};
		809133482640243000FD1C60 = {
			isa = PBXGroup;
			children = (
				809133532640243000FD1C60 /* guardian-newsfeed */,
				807A869E2642B76000E7266A /* guardian-newsfeedTests */,
				807A86AE2642B77D00E7266A /* guardian-newsfeedUITests */,
				809133522640243000FD1C60 /* Products */,
			);
			sourceTree = "<group>";
		};
		809133522640243000FD1C60 /* Products */ = {
			isa = PBXGroup;
			children = (
				809133512640243000FD1C60 /* guardian-newsfeed.app */,
				807A869D2642B76000E7266A /* guardian-newsfeedTests.xctest */,
				807A86AD2642B77D00E7266A /* guardian-newsfeedUITests.xctest */,
			);
			name = Products;
			sourceTree = "<group>";
		};
		809133532640243000FD1C60 /* guardian-newsfeed */ = {
			isa = PBXGroup;
			children = (
				80B64D722640DB09009C3135 /* View */,
				80B64D712640DB03009C3135 /* ViewModel */,
				80B64D702640DAFE009C3135 /* Model */,
				809133542640243000FD1C60 /* guardian_newsfeedApp.swift */,
				809133582640243600FD1C60 /* Assets.xcassets */,
				8091335D2640243600FD1C60 /* Info.plist */,
				8091335A2640243600FD1C60 /* Preview Content */,
			);
			path = "guardian-newsfeed";
			sourceTree = "<group>";
		};
		8091335A2640243600FD1C60 /* Preview Content */ = {
			isa = PBXGroup;
			children = (
				8091335B2640243600FD1C60 /* Preview Assets.xcassets */,
			);
			path = "Preview Content";
			sourceTree = "<group>";
		};
		80B64D702640DAFE009C3135 /* Model */ = {
			isa = PBXGroup;
			children = (
				80B64D732640DB18009C3135 /* DataModel.swift */,
			);
			path = Model;
			sourceTree = "<group>";
		};
		80B64D712640DB03009C3135 /* ViewModel */ = {
			isa = PBXGroup;
			children = (
				80B64D762640DB4F009C3135 /* Newsfeed.swift */,
			);
			path = ViewModel;
			sourceTree = "<group>";
		};
		80B64D722640DB09009C3135 /* View */ = {
			isa = PBXGroup;
			children = (
				809133562640243000FD1C60 /* ContentView.swift */,
			);
			path = View;
			sourceTree = "<group>";
		};
/* End PBXGroup section */

/* Begin PBXNativeTarget section */
		807A869C2642B76000E7266A /* guardian-newsfeedTests */ = {
			isa = PBXNativeTarget;
			buildConfigurationList = 807A86A42642B76000E7266A /* Build configuration list for PBXNativeTarget "guardian-newsfeedTests" */;
			buildPhases = (
				807A86992642B76000E7266A /* Sources */,
				807A869A2642B76000E7266A /* Frameworks */,
				807A869B2642B76000E7266A /* Resources */,
			);
			buildRules = (
			);
			dependencies = (
				807A86A32642B76000E7266A /* PBXTargetDependency */,
			);
			name = "guardian-newsfeedTests";
			productName = "guardian-newsfeedTests";
			productReference = 807A869D2642B76000E7266A /* guardian-newsfeedTests.xctest */;
			productType = "com.apple.product-type.bundle.unit-test";
		};
		807A86AC2642B77D00E7266A /* guardian-newsfeedUITests */ = {
			isa = PBXNativeTarget;
			buildConfigurationList = 807A86B42642B77D00E7266A /* Build configuration list for PBXNativeTarget "guardian-newsfeedUITests" */;
			buildPhases = (
				807A86A92642B77D00E7266A /* Sources */,
				807A86AA2642B77D00E7266A /* Frameworks */,
				807A86AB2642B77D00E7266A /* Resources */,
			);
			buildRules = (
			);
			dependencies = (
				807A86B32642B77D00E7266A /* PBXTargetDependency */,
			);
			name = "guardian-newsfeedUITests";
			productName = "guardian-newsfeedUITests";
			productReference = 807A86AD2642B77D00E7266A /* guardian-newsfeedUITests.xctest */;
			productType = "com.apple.product-type.bundle.ui-testing";
		};
		809133502640243000FD1C60 /* guardian-newsfeed */ = {
			isa = PBXNativeTarget;
			buildConfigurationList = 809133602640243600FD1C60 /* Build configuration list for PBXNativeTarget "guardian-newsfeed" */;
			buildPhases = (
				8091334D2640243000FD1C60 /* Sources */,
				8091334E2640243000FD1C60 /* Frameworks */,
				8091334F2640243000FD1C60 /* Resources */,
			);
			buildRules = (
			);
			dependencies = (
			);
			name = "guardian-newsfeed";
			packageProductDependencies = (
				80B2407C2640DF7D00D62EF6 /* SDWebImageSwiftUI */,
			);
			productName = "guardian-newsfeed";
			productReference = 809133512640243000FD1C60 /* guardian-newsfeed.app */;
			productType = "com.apple.product-type.application";
		};
/* End PBXNativeTarget section */

/* Begin PBXProject section */
		809133492640243000FD1C60 /* Project object */ = {
			isa = PBXProject;
			attributes = {
				LastSwiftUpdateCheck = 1240;
				LastUpgradeCheck = 1240;
				TargetAttributes = {
					807A869C2642B76000E7266A = {
						CreatedOnToolsVersion = 12.4;
						TestTargetID = 809133502640243000FD1C60;
					};
					807A86AC2642B77D00E7266A = {
						CreatedOnToolsVersion = 12.4;
						TestTargetID = 809133502640243000FD1C60;
					};
					809133502640243000FD1C60 = {
						CreatedOnToolsVersion = 12.4;
					};
				};
			};
			buildConfigurationList = 8091334C2640243000FD1C60 /* Build configuration list for PBXProject "guardian-newsfeed" */;
			compatibilityVersion = "Xcode 9.3";
			developmentRegion = en;
			hasScannedForEncodings = 0;
			knownRegions = (
				en,
				Base,
			);
			mainGroup = 809133482640243000FD1C60;
			packageReferences = (
				80B2407B2640DF7D00D62EF6 /* XCRemoteSwiftPackageReference "SDWebImageSwiftUI" */,
			);
			productRefGroup = 809133522640243000FD1C60 /* Products */;
			projectDirPath = "";
			projectRoot = "";
			targets = (
				809133502640243000FD1C60 /* guardian-newsfeed */,
				807A869C2642B76000E7266A /* guardian-newsfeedTests */,
				807A86AC2642B77D00E7266A /* guardian-newsfeedUITests */,
			);
		};
/* End PBXProject section */

/* Begin PBXResourcesBuildPhase section */
		807A869B2642B76000E7266A /* Resources */ = {
			isa = PBXResourcesBuildPhase;
			buildActionMask = 2147483647;
			files = (
			);
			runOnlyForDeploymentPostprocessing = 0;
		};
		807A86AB2642B77D00E7266A /* Resources */ = {
			isa = PBXResourcesBuildPhase;
			buildActionMask = 2147483647;
			files = (
			);
			runOnlyForDeploymentPostprocessing = 0;
		};
		8091334F2640243000FD1C60 /* Resources */ = {
			isa = PBXResourcesBuildPhase;
			buildActionMask = 2147483647;
			files = (
				8091335C2640243600FD1C60 /* Preview Assets.xcassets in Resources */,
				809133592640243600FD1C60 /* Assets.xcassets in Resources */,
			);
			runOnlyForDeploymentPostprocessing = 0;
		};
/* End PBXResourcesBuildPhase section */

/* Begin PBXSourcesBuildPhase section */
		807A86992642B76000E7266A /* Sources */ = {
			isa = PBXSourcesBuildPhase;
			buildActionMask = 2147483647;
			files = (
				807A86A02642B76000E7266A /* guardian_newsfeedTests.swift in Sources */,
			);
			runOnlyForDeploymentPostprocessing = 0;
		};
		807A86A92642B77D00E7266A /* Sources */ = {
			isa = PBXSourcesBuildPhase;
			buildActionMask = 2147483647;
			files = (
				807A86B02642B77D00E7266A /* guardian_newsfeedUITests.swift in Sources */,
			);
			runOnlyForDeploymentPostprocessing = 0;
		};
		8091334D2640243000FD1C60 /* Sources */ = {
			isa = PBXSourcesBuildPhase;
			buildActionMask = 2147483647;
			files = (
				809133572640243000FD1C60 /* ContentView.swift in Sources */,
				809133552640243000FD1C60 /* guardian_newsfeedApp.swift in Sources */,
				80B64D772640DB4F009C3135 /* Newsfeed.swift in Sources */,
				80B64D742640DB18009C3135 /* DataModel.swift in Sources */,
			);
			runOnlyForDeploymentPostprocessing = 0;
		};
/* End PBXSourcesBuildPhase section */

/* Begin PBXTargetDependency section */
		807A86A32642B76000E7266A /* PBXTargetDependency */ = {
			isa = PBXTargetDependency;
			target = 809133502640243000FD1C60 /* guardian-newsfeed */;
			targetProxy = 807A86A22642B76000E7266A /* PBXContainerItemProxy */;
		};
		807A86B32642B77D00E7266A /* PBXTargetDependency */ = {
			isa = PBXTargetDependency;
			target = 809133502640243000FD1C60 /* guardian-newsfeed */;
			targetProxy = 807A86B22642B77D00E7266A /* PBXContainerItemProxy */;
		};
/* End PBXTargetDependency section */

/* Begin XCBuildConfiguration section */
		807A86A52642B76000E7266A /* Debug */ = {
			isa = XCBuildConfiguration;
			buildSettings = {
				BUNDLE_LOADER = "$(TEST_HOST)";
				CODE_SIGN_STYLE = Automatic;
				DEVELOPMENT_TEAM = D949FXATB8;
				INFOPLIST_FILE = "guardian-newsfeedTests/Info.plist";
				LD_RUNPATH_SEARCH_PATHS = (
					"$(inherited)",
					"@executable_path/Frameworks",
					"@loader_path/Frameworks",
				);
				PRODUCT_BUNDLE_IDENTIFIER = "nouman-mehmood.guardian-newsfeedTests";
				PRODUCT_NAME = "$(TARGET_NAME)";
				SWIFT_VERSION = 5.0;
				TARGETED_DEVICE_FAMILY = "1,2";
				TEST_HOST = "$(BUILT_PRODUCTS_DIR)/guardian-newsfeed.app/guardian-newsfeed";
			};
			name = Debug;
		};
		807A86A62642B76000E7266A /* Release */ = {
			isa = XCBuildConfiguration;
			buildSettings = {
				BUNDLE_LOADER = "$(TEST_HOST)";
				CODE_SIGN_STYLE = Automatic;
				DEVELOPMENT_TEAM = D949FXATB8;
				INFOPLIST_FILE = "guardian-newsfeedTests/Info.plist";
				LD_RUNPATH_SEARCH_PATHS = (
					"$(inherited)",
					"@executable_path/Frameworks",
					"@loader_path/Frameworks",
				);
				PRODUCT_BUNDLE_IDENTIFIER = "nouman-mehmood.guardian-newsfeedTests";
				PRODUCT_NAME = "$(TARGET_NAME)";
				SWIFT_VERSION = 5.0;
				TARGETED_DEVICE_FAMILY = "1,2";
				TEST_HOST = "$(BUILT_PRODUCTS_DIR)/guardian-newsfeed.app/guardian-newsfeed";
			};
			name = Release;
		};
		807A86B52642B77D00E7266A /* Debug */ = {
			isa = XCBuildConfiguration;
			buildSettings = {
				CODE_SIGN_STYLE = Automatic;
				DEVELOPMENT_TEAM = D949FXATB8;
				INFOPLIST_FILE = "guardian-newsfeedUITests/Info.plist";
				LD_RUNPATH_SEARCH_PATHS = (
					"$(inherited)",
					"@executable_path/Frameworks",
					"@loader_path/Frameworks",
				);
				PRODUCT_BUNDLE_IDENTIFIER = "nouman-mehmood.guardian-newsfeedUITests";
				PRODUCT_NAME = "$(TARGET_NAME)";
				SWIFT_VERSION = 5.0;
				TARGETED_DEVICE_FAMILY = "1,2";
				TEST_TARGET_NAME = "guardian-newsfeed";
			};
			name = Debug;
		};
		807A86B62642B77D00E7266A /* Release */ = {
			isa = XCBuildConfiguration;
			buildSettings = {
				CODE_SIGN_STYLE = Automatic;
				DEVELOPMENT_TEAM = D949FXATB8;
				INFOPLIST_FILE = "guardian-newsfeedUITests/Info.plist";
				LD_RUNPATH_SEARCH_PATHS = (
					"$(inherited)",
					"@executable_path/Frameworks",
					"@loader_path/Frameworks",
				);
				PRODUCT_BUNDLE_IDENTIFIER = "nouman-mehmood.guardian-newsfeedUITests";
				PRODUCT_NAME = "$(TARGET_NAME)";
				SWIFT_VERSION = 5.0;
				TARGETED_DEVICE_FAMILY = "1,2";
				TEST_TARGET_NAME = "guardian-newsfeed";
			};
			name = Release;
		};
		8091335E2640243600FD1C60 /* Debug */ = {
			isa = XCBuildConfiguration;
			buildSettings = {
				ALWAYS_SEARCH_USER_PATHS = NO;
				CLANG_ANALYZER_NONNULL = YES;
				CLANG_ANALYZER_NUMBER_OBJECT_CONVERSION = YES_AGGRESSIVE;
				CLANG_CXX_LANGUAGE_STANDARD = "gnu++14";
				CLANG_CXX_LIBRARY = "libc++";
				CLANG_ENABLE_MODULES = YES;
				CLANG_ENABLE_OBJC_ARC = YES;
				CLANG_ENABLE_OBJC_WEAK = YES;
				CLANG_WARN_BLOCK_CAPTURE_AUTORELEASING = YES;
				CLANG_WARN_BOOL_CONVERSION = YES;
				CLANG_WARN_COMMA = YES;
				CLANG_WARN_CONSTANT_CONVERSION = YES;
				CLANG_WARN_DEPRECATED_OBJC_IMPLEMENTATIONS = YES;
				CLANG_WARN_DIRECT_OBJC_ISA_USAGE = YES_ERROR;
				CLANG_WARN_DOCUMENTATION_COMMENTS = YES;
				CLANG_WARN_EMPTY_BODY = YES;
				CLANG_WARN_ENUM_CONVERSION = YES;
				CLANG_WARN_INFINITE_RECURSION = YES;
				CLANG_WARN_INT_CONVERSION = YES;
				CLANG_WARN_NON_LITERAL_NULL_CONVERSION = YES;
				CLANG_WARN_OBJC_IMPLICIT_RETAIN_SELF = YES;
				CLANG_WARN_OBJC_LITERAL_CONVERSION = YES;
				CLANG_WARN_OBJC_ROOT_CLASS = YES_ERROR;
				CLANG_WARN_QUOTED_INCLUDE_IN_FRAMEWORK_HEADER = YES;
				CLANG_WARN_RANGE_LOOP_ANALYSIS = YES;
				CLANG_WARN_STRICT_PROTOTYPES = YES;
				CLANG_WARN_SUSPICIOUS_MOVE = YES;
				CLANG_WARN_UNGUARDED_AVAILABILITY = YES_AGGRESSIVE;
				CLANG_WARN_UNREACHABLE_CODE = YES;
				CLANG_WARN__DUPLICATE_METHOD_MATCH = YES;
				COPY_PHASE_STRIP = NO;
				DEBUG_INFORMATION_FORMAT = dwarf;
				ENABLE_STRICT_OBJC_MSGSEND = YES;
				ENABLE_TESTABILITY = YES;
				GCC_C_LANGUAGE_STANDARD = gnu11;
				GCC_DYNAMIC_NO_PIC = NO;
				GCC_NO_COMMON_BLOCKS = YES;
				GCC_OPTIMIZATION_LEVEL = 0;
				GCC_PREPROCESSOR_DEFINITIONS = (
					"DEBUG=1",
					"$(inherited)",
				);
				GCC_WARN_64_TO_32_BIT_CONVERSION = YES;
				GCC_WARN_ABOUT_RETURN_TYPE = YES_ERROR;
				GCC_WARN_UNDECLARED_SELECTOR = YES;
				GCC_WARN_UNINITIALIZED_AUTOS = YES_AGGRESSIVE;
				GCC_WARN_UNUSED_FUNCTION = YES;
				GCC_WARN_UNUSED_VARIABLE = YES;
				IPHONEOS_DEPLOYMENT_TARGET = 14.4;
				MTL_ENABLE_DEBUG_INFO = INCLUDE_SOURCE;
				MTL_FAST_MATH = YES;
				ONLY_ACTIVE_ARCH = YES;
				SDKROOT = iphoneos;
				SWIFT_ACTIVE_COMPILATION_CONDITIONS = DEBUG;
				SWIFT_OPTIMIZATION_LEVEL = "-Onone";
			};
			name = Debug;
		};
		8091335F2640243600FD1C60 /* Release */ = {
			isa = XCBuildConfiguration;
			buildSettings = {
				ALWAYS_SEARCH_USER_PATHS = NO;
				CLANG_ANALYZER_NONNULL = YES;
				CLANG_ANALYZER_NUMBER_OBJECT_CONVERSION = YES_AGGRESSIVE;
				CLANG_CXX_LANGUAGE_STANDARD = "gnu++14";
				CLANG_CXX_LIBRARY = "libc++";
				CLANG_ENABLE_MODULES = YES;
				CLANG_ENABLE_OBJC_ARC = YES;
				CLANG_ENABLE_OBJC_WEAK = YES;
				CLANG_WARN_BLOCK_CAPTURE_AUTORELEASING = YES;
				CLANG_WARN_BOOL_CONVERSION = YES;
				CLANG_WARN_COMMA = YES;
				CLANG_WARN_CONSTANT_CONVERSION = YES;
				CLANG_WARN_DEPRECATED_OBJC_IMPLEMENTATIONS = YES;
				CLANG_WARN_DIRECT_OBJC_ISA_USAGE = YES_ERROR;
				CLANG_WARN_DOCUMENTATION_COMMENTS = YES;
				CLANG_WARN_EMPTY_BODY = YES;
				CLANG_WARN_ENUM_CONVERSION = YES;
				CLANG_WARN_INFINITE_RECURSION = YES;
				CLANG_WARN_INT_CONVERSION = YES;
				CLANG_WARN_NON_LITERAL_NULL_CONVERSION = YES;
				CLANG_WARN_OBJC_IMPLICIT_RETAIN_SELF = YES;
				CLANG_WARN_OBJC_LITERAL_CONVERSION = YES;
				CLANG_WARN_OBJC_ROOT_CLASS = YES_ERROR;
				CLANG_WARN_QUOTED_INCLUDE_IN_FRAMEWORK_HEADER = YES;
				CLANG_WARN_RANGE_LOOP_ANALYSIS = YES;
				CLANG_WARN_STRICT_PROTOTYPES = YES;
				CLANG_WARN_SUSPICIOUS_MOVE = YES;
				CLANG_WARN_UNGUARDED_AVAILABILITY = YES_AGGRESSIVE;
				CLANG_WARN_UNREACHABLE_CODE = YES;
				CLANG_WARN__DUPLICATE_METHOD_MATCH = YES;
				COPY_PHASE_STRIP = NO;
				DEBUG_INFORMATION_FORMAT = "dwarf-with-dsym";
				ENABLE_NS_ASSERTIONS = NO;
				ENABLE_STRICT_OBJC_MSGSEND = YES;
				GCC_C_LANGUAGE_STANDARD = gnu11;
				GCC_NO_COMMON_BLOCKS = YES;
				GCC_WARN_64_TO_32_BIT_CONVERSION = YES;
				GCC_WARN_ABOUT_RETURN_TYPE = YES_ERROR;
				GCC_WARN_UNDECLARED_SELECTOR = YES;
				GCC_WARN_UNINITIALIZED_AUTOS = YES_AGGRESSIVE;
				GCC_WARN_UNUSED_FUNCTION = YES;
				GCC_WARN_UNUSED_VARIABLE = YES;
				IPHONEOS_DEPLOYMENT_TARGET = 14.4;
				MTL_ENABLE_DEBUG_INFO = NO;
				MTL_FAST_MATH = YES;
				SDKROOT = iphoneos;
				SWIFT_COMPILATION_MODE = wholemodule;
				SWIFT_OPTIMIZATION_LEVEL = "-O";
				VALIDATE_PRODUCT = YES;
			};
			name = Release;
		};
		809133612640243600FD1C60 /* Debug */ = {
			isa = XCBuildConfiguration;
			buildSettings = {
				ASSETCATALOG_COMPILER_APPICON_NAME = AppIcon;
				ASSETCATALOG_COMPILER_GLOBAL_ACCENT_COLOR_NAME = AccentColor;
				CODE_SIGN_STYLE = Automatic;
				DEVELOPMENT_ASSET_PATHS = "\"guardian-newsfeed/Preview Content\"";
				DEVELOPMENT_TEAM = D949FXATB8;
				ENABLE_PREVIEWS = YES;
				INFOPLIST_FILE = "guardian-newsfeed/Info.plist";
				IPHONEOS_DEPLOYMENT_TARGET = 13.0;
				LD_RUNPATH_SEARCH_PATHS = (
					"$(inherited)",
					"@executable_path/Frameworks",
				);
				PRODUCT_BUNDLE_IDENTIFIER = "nouman-mehmood.guardian-newsfeed";
				PRODUCT_NAME = "$(TARGET_NAME)";
				SWIFT_VERSION = 5.0;
				TARGETED_DEVICE_FAMILY = 1;
			};
			name = Debug;
		};
		809133622640243600FD1C60 /* Release */ = {
			isa = XCBuildConfiguration;
			buildSettings = {
				ASSETCATALOG_COMPILER_APPICON_NAME = AppIcon;
				ASSETCATALOG_COMPILER_GLOBAL_ACCENT_COLOR_NAME = AccentColor;
				CODE_SIGN_STYLE = Automatic;
				DEVELOPMENT_ASSET_PATHS = "\"guardian-newsfeed/Preview Content\"";
				DEVELOPMENT_TEAM = D949FXATB8;
				ENABLE_PREVIEWS = YES;
				INFOPLIST_FILE = "guardian-newsfeed/Info.plist";
				IPHONEOS_DEPLOYMENT_TARGET = 13.0;
				LD_RUNPATH_SEARCH_PATHS = (
					"$(inherited)",
					"@executable_path/Frameworks",
				);
				PRODUCT_BUNDLE_IDENTIFIER = "nouman-mehmood.guardian-newsfeed";
				PRODUCT_NAME = "$(TARGET_NAME)";
				SWIFT_VERSION = 5.0;
				TARGETED_DEVICE_FAMILY = 1;
			};
			name = Release;
		};
/* End XCBuildConfiguration section */

/* Begin XCConfigurationList section */
		807A86A42642B76000E7266A /* Build configuration list for PBXNativeTarget "guardian-newsfeedTests" */ = {
			isa = XCConfigurationList;
			buildConfigurations = (
				807A86A52642B76000E7266A /* Debug */,
				807A86A62642B76000E7266A /* Release */,
			);
			defaultConfigurationIsVisible = 0;
			defaultConfigurationName = Release;
		};
		807A86B42642B77D00E7266A /* Build configuration list for PBXNativeTarget "guardian-newsfeedUITests" */ = {
			isa = XCConfigurationList;
			buildConfigurations = (
				807A86B52642B77D00E7266A /* Debug */,
				807A86B62642B77D00E7266A /* Release */,
			);
			defaultConfigurationIsVisible = 0;
			defaultConfigurationName = Release;
		};
		8091334C2640243000FD1C60 /* Build configuration list for PBXProject "guardian-newsfeed" */ = {
			isa = XCConfigurationList;
			buildConfigurations = (
				8091335E2640243600FD1C60 /* Debug */,
				8091335F2640243600FD1C60 /* Release */,
			);
			defaultConfigurationIsVisible = 0;
			defaultConfigurationName = Release;
		};
		809133602640243600FD1C60 /* Build configuration list for PBXNativeTarget "guardian-newsfeed" */ = {
			isa = XCConfigurationList;
			buildConfigurations = (
				809133612640243600FD1C60 /* Debug */,
				809133622640243600FD1C60 /* Release */,
			);
			defaultConfigurationIsVisible = 0;
			defaultConfigurationName = Release;
		};
/* End XCConfigurationList section */

/* Begin XCRemoteSwiftPackageReference section */
		80B2407B2640DF7D00D62EF6 /* XCRemoteSwiftPackageReference "SDWebImageSwiftUI" */ = {
			isa = XCRemoteSwiftPackageReference;
			repositoryURL = "https://github.com/SDWebImage/SDWebImageSwiftUI.git";
			requirement = {
				kind = upToNextMajorVersion;
				minimumVersion = 2.0.2;
			};
		};
/* End XCRemoteSwiftPackageReference section */

/* Begin XCSwiftPackageProductDependency section */
		80B2407C2640DF7D00D62EF6 /* SDWebImageSwiftUI */ = {
			isa = XCSwiftPackageProductDependency;
			package = 80B2407B2640DF7D00D62EF6 /* XCRemoteSwiftPackageReference "SDWebImageSwiftUI" */;
			productName = SDWebImageSwiftUI;
		};
/* End XCSwiftPackageProductDependency section */
	};
	rootObject = 809133492640243000FD1C60 /* Project object */;
}
